// !$*UTF8*$!
{
	archiveVersion = 1;
	classes = {
	};
	objectVersion = 46;
	objects = {

/* Begin PBXBuildFile section */
		188E87491C22BDD100125CB0 /* main.m in Sources */ = {isa = PBXBuildFile; fileRef = 188E87481C22BDD100125CB0 /* main.m */; };
		188E874C1C22BDD100125CB0 /* AppDelegate.m in Sources */ = {isa = PBXBuildFile; fileRef = 188E874B1C22BDD100125CB0 /* AppDelegate.m */; };
		188E874F1C22BDD100125CB0 /* ViewController.m in Sources */ = {isa = PBXBuildFile; fileRef = 188E874E1C22BDD100125CB0 /* ViewController.m */; };
		188E87521C22BDD100125CB0 /* Main.storyboard in Resources */ = {isa = PBXBuildFile; fileRef = 188E87501C22BDD100125CB0 /* Main.storyboard */; };
		188E87541C22BDD100125CB0 /* Images.xcassets in Resources */ = {isa = PBXBuildFile; fileRef = 188E87531C22BDD100125CB0 /* Images.xcassets */; };
		188E87571C22BDD100125CB0 /* LaunchScreen.xib in Resources */ = {isa = PBXBuildFile; fileRef = 188E87551C22BDD100125CB0 /* LaunchScreen.xib */; };
		188E87631C22BDD100125CB0 /* DownloadingURLdataTests.m in Sources */ = {isa = PBXBuildFile; fileRef = 188E87621C22BDD100125CB0 /* DownloadingURLdataTests.m */; };
/* End PBXBuildFile section */

/* Begin PBXContainerItemProxy section */
		188E875D1C22BDD100125CB0 /* PBXContainerItemProxy */ = {
			isa = PBXContainerItemProxy;
			containerPortal = 188E873B1C22BDD100125CB0 /* Project object */;
			proxyType = 1;
			remoteGlobalIDString = 188E87421C22BDD100125CB0;
			remoteInfo = DownloadingURLdata;
		};
/* End PBXContainerItemProxy section */

/* Begin PBXFileReference section */
		188E87431C22BDD100125CB0 /* DownloadingURLdata.app */ = {isa = PBXFileReference; explicitFileType = wrapper.application; includeInIndex = 0; path = DownloadingURLdata.app; sourceTree = BUILT_PRODUCTS_DIR; };
		188E87471C22BDD100125CB0 /* Info.plist */ = {isa = PBXFileReference; lastKnownFileType = text.plist.xml; path = Info.plist; sourceTree = "<group>"; };
		188E87481C22BDD100125CB0 /* main.m */ = {isa = PBXFileReference; lastKnownFileType = sourcecode.c.objc; path = main.m; sourceTree = "<group>"; };
		188E874A1C22BDD100125CB0 /* AppDelegate.h */ = {isa = PBXFileReference; lastKnownFileType = sourcecode.c.h; path = AppDelegate.h; sourceTree = "<group>"; };
		188E874B1C22BDD100125CB0 /* AppDelegate.m */ = {isa = PBXFileReference; lastKnownFileType = sourcecode.c.objc; path = AppDelegate.m; sourceTree = "<group>"; };
		188E874D1C22BDD100125CB0 /* ViewController.h */ = {isa = PBXFileReference; lastKnownFileType = sourcecode.c.h; path = ViewController.h; sourceTree = "<group>"; };
		188E874E1C22BDD100125CB0 /* ViewController.m */ = {isa = PBXFileReference; lastKnownFileType = sourcecode.c.objc; path = ViewController.m; sourceTree = "<group>"; };
		188E87511C22BDD100125CB0 /* Base */ = {isa = PBXFileReference; lastKnownFileType = file.storyboard; name = Base; path = Base.lproj/Main.storyboard; sourceTree = "<group>"; };
		188E87531C22BDD100125CB0 /* Images.xcassets */ = {isa = PBXFileReference; lastKnownFileType = folder.assetcatalog; path = Images.xcassets; sourceTree = "<group>"; };
		188E87561C22BDD100125CB0 /* Base */ = {isa = PBXFileReference; lastKnownFileType = file.xib; name = Base; path = Base.lproj/LaunchScreen.xib; sourceTree = "<group>"; };
		188E875C1C22BDD100125CB0 /* DownloadingURLdataTests.xctest */ = {isa = PBXFileReference; explicitFileType = wrapper.cfbundle; includeInIndex = 0; path = DownloadingURLdataTests.xctest; sourceTree = BUILT_PRODUCTS_DIR; };
		188E87611C22BDD100125CB0 /* Info.plist */ = {isa = PBXFileReference; lastKnownFileType = text.plist.xml; path = Info.plist; sourceTree = "<group>"; };
		188E87621C22BDD100125CB0 /* DownloadingURLdataTests.m */ = {isa = PBXFileReference; lastKnownFileType = sourcecode.c.objc; path = DownloadingURLdataTests.m; sourceTree = "<group>"; };
/* End PBXFileReference section */

/* Begin PBXFrameworksBuildPhase section */
		188E87401C22BDD100125CB0 /* Frameworks */ = {
			isa = PBXFrameworksBuildPhase;
			buildActionMask = 2147483647;
			files = (
			);
			runOnlyForDeploymentPostprocessing = 0;
		};
		188E87591C22BDD100125CB0 /* Frameworks */ = {
			isa = PBXFrameworksBuildPhase;
			buildActionMask = 2147483647;
			files = (
			);
			runOnlyForDeploymentPostprocessing = 0;
		};
/* End PBXFrameworksBuildPhase section */

/* Begin PBXGroup section */
		188E873A1C22BDD100125CB0 = {
			isa = PBXGroup;
			children = (
				188E87451C22BDD100125CB0 /* DownloadingURLdata */,
				188E875F1C22BDD100125CB0 /* DownloadingURLdataTests */,
				188E87441C22BDD100125CB0 /* Products */,
			);
			sourceTree = "<group>";
		};
		188E87441C22BDD100125CB0 /* Products */ = {
			isa = PBXGroup;
			children = (
				188E87431C22BDD100125CB0 /* DownloadingURLdata.app */,
				188E875C1C22BDD100125CB0 /* DownloadingURLdataTests.xctest */,
			);
			name = Products;
			sourceTree = "<group>";
		};
		188E87451C22BDD100125CB0 /* DownloadingURLdata */ = {
			isa = PBXGroup;
			children = (
				188E874A1C22BDD100125CB0 /* AppDelegate.h */,
				188E874B1C22BDD100125CB0 /* AppDelegate.m */,
				188E874D1C22BDD100125CB0 /* ViewController.h */,
				188E874E1C22BDD100125CB0 /* ViewController.m */,
				188E87501C22BDD100125CB0 /* Main.storyboard */,
				188E87531C22BDD100125CB0 /* Images.xcassets */,
				188E87551C22BDD100125CB0 /* LaunchScreen.xib */,
				188E87461C22BDD100125CB0 /* Supporting Files */,
			);
			path = DownloadingURLdata;
			sourceTree = "<group>";
		};
		188E87461C22BDD100125CB0 /* Supporting Files */ = {
			isa = PBXGroup;
			children = (
				188E87471C22BDD100125CB0 /* Info.plist */,
				188E87481C22BDD100125CB0 /* main.m */,
			);
			name = "Supporting Files";
			sourceTree = "<group>";
		};
		188E875F1C22BDD100125CB0 /* DownloadingURLdataTests */ = {
			isa = PBXGroup;
			children = (
				188E87621C22BDD100125CB0 /* DownloadingURLdataTests.m */,
				188E87601C22BDD100125CB0 /* Supporting Files */,
			);
			path = DownloadingURLdataTests;
			sourceTree = "<group>";
		};
		188E87601C22BDD100125CB0 /* Supporting Files */ = {
			isa = PBXGroup;
			children = (
				188E87611C22BDD100125CB0 /* Info.plist */,
			);
			name = "Supporting Files";
			sourceTree = "<group>";
		};
/* End PBXGroup section */

/* Begin PBXNativeTarget section */
		188E87421C22BDD100125CB0 /* DownloadingURLdata */ = {
			isa = PBXNativeTarget;
			buildConfigurationList = 188E87661C22BDD100125CB0 /* Build configuration list for PBXNativeTarget "DownloadingURLdata" */;
			buildPhases = (
				188E873F1C22BDD100125CB0 /* Sources */,
				188E87401C22BDD100125CB0 /* Frameworks */,
				188E87411C22BDD100125CB0 /* Resources */,
			);
			buildRules = (
			);
			dependencies = (
			);
			name = DownloadingURLdata;
			productName = DownloadingURLdata;
			productReference = 188E87431C22BDD100125CB0 /* DownloadingURLdata.app */;
			productType = "com.apple.product-type.application";
		};
		188E875B1C22BDD100125CB0 /* DownloadingURLdataTests */ = {
			isa = PBXNativeTarget;
			buildConfigurationList = 188E87691C22BDD100125CB0 /* Build configuration list for PBXNativeTarget "DownloadingURLdataTests" */;
			buildPhases = (
				188E87581C22BDD100125CB0 /* Sources */,
				188E87591C22BDD100125CB0 /* Frameworks */,
				188E875A1C22BDD100125CB0 /* Resources */,
			);
			buildRules = (
			);
			dependencies = (
				188E875E1C22BDD100125CB0 /* PBXTargetDependency */,
			);
			name = DownloadingURLdataTests;
			productName = DownloadingURLdataTests;
			productReference = 188E875C1C22BDD100125CB0 /* DownloadingURLdataTests.xctest */;
			productType = "com.apple.product-type.bundle.unit-test";
		};
/* End PBXNativeTarget section */

/* Begin PBXProject section */
		188E873B1C22BDD100125CB0 /* Project object */ = {
			isa = PBXProject;
			attributes = {
				LastUpgradeCheck = 0600;
				ORGANIZATIONNAME = CDAC;
				TargetAttributes = {
					188E87421C22BDD100125CB0 = {
						CreatedOnToolsVersion = 6.0;
					};
					188E875B1C22BDD100125CB0 = {
						CreatedOnToolsVersion = 6.0;
						TestTargetID = 188E87421C22BDD100125CB0;
					};
				};
			};
			buildConfigurationList = 188E873E1C22BDD100125CB0 /* Build configuration list for PBXProject "DownloadingURLdata" */;
			compatibilityVersion = "Xcode 3.2";
			developmentRegion = English;
			hasScannedForEncodings = 0;
			knownRegions = (
				en,
				Base,
			);
			mainGroup = 188E873A1C22BDD100125CB0;
			productRefGroup = 188E87441C22BDD100125CB0 /* Products */;
			projectDirPath = "";
			projectRoot = "";
			targets = (
				188E87421C22BDD100125CB0 /* DownloadingURLdata */,
				188E875B1C22BDD100125CB0 /* DownloadingURLdataTests */,
			);
		};
/* End PBXProject section */

/* Begin PBXResourcesBuildPhase section */
		188E87411C22BDD100125CB0 /* Resources */ = {
			isa = PBXResourcesBuildPhase;
			buildActionMask = 2147483647;
			files = (
				188E87521C22BDD100125CB0 /* Main.storyboard in Resources */,
				188E87571C22BDD100125CB0 /* LaunchScreen.xib in Resources */,
				188E87541C22BDD100125CB0 /* Images.xcassets in Resources */,
			);
			runOnlyForDeploymentPostprocessing = 0;
		};
		188E875A1C22BDD100125CB0 /* Resources */ = {
			isa = PBXResourcesBuildPhase;
			buildActionMask = 2147483647;
			files = (
			);
			runOnlyForDeploymentPostprocessing = 0;
		};
/* End PBXResourcesBuildPhase section */

/* Begin PBXSourcesBuildPhase section */
		188E873F1C22BDD100125CB0 /* Sources */ = {
			isa = PBXSourcesBuildPhase;
			buildActionMask = 2147483647;
			files = (
				188E874F1C22BDD100125CB0 /* ViewController.m in Sources */,
				188E874C1C22BDD100125CB0 /* AppDelegate.m in Sources */,
				188E87491C22BDD100125CB0 /* main.m in Sources */,
			);
			runOnlyForDeploymentPostprocessing = 0;
		};
		188E87581C22BDD100125CB0 /* Sources */ = {
			isa = PBXSourcesBuildPhase;
			buildActionMask = 2147483647;
			files = (
				188E87631C22BDD100125CB0 /* DownloadingURLdataTests.m in Sources */,
			);
			runOnlyForDeploymentPostprocessing = 0;
		};
/* End PBXSourcesBuildPhase section */

/* Begin PBXTargetDependency section */
		188E875E1C22BDD100125CB0 /* PBXTargetDependency */ = {
			isa = PBXTargetDependency;
			target = 188E87421C22BDD100125CB0 /* DownloadingURLdata */;
			targetProxy = 188E875D1C22BDD100125CB0 /* PBXContainerItemProxy */;
		};
/* End PBXTargetDependency section */

/* Begin PBXVariantGroup section */
		188E87501C22BDD100125CB0 /* Main.storyboard */ = {
			isa = PBXVariantGroup;
			children = (
				188E87511C22BDD100125CB0 /* Base */,
			);
			name = Main.storyboard;
			sourceTree = "<group>";
		};
		188E87551C22BDD100125CB0 /* LaunchScreen.xib */ = {
			isa = PBXVariantGroup;
			children = (
				188E87561C22BDD100125CB0 /* Base */,
			);
			name = LaunchScreen.xib;
			sourceTree = "<group>";
		};
/* End PBXVariantGroup section */

/* Begin XCBuildConfiguration section */
		188E87641C22BDD100125CB0 /* Debug */ = {
			isa = XCBuildConfiguration;
			buildSettings = {
				ALWAYS_SEARCH_USER_PATHS = NO;
				CLANG_CXX_LANGUAGE_STANDARD = "gnu++0x";
				CLANG_CXX_LIBRARY = "libc++";
				CLANG_ENABLE_MODULES = YES;
				CLANG_ENABLE_OBJC_ARC = YES;
				CLANG_WARN_BOOL_CONVERSION = YES;
				CLANG_WARN_CONSTANT_CONVERSION = YES;
				CLANG_WARN_DIRECT_OBJC_ISA_USAGE = YES_ERROR;
				CLANG_WARN_EMPTY_BODY = YES;
				CLANG_WARN_ENUM_CONVERSION = YES;
				CLANG_WARN_INT_CONVERSION = YES;
				CLANG_WARN_OBJC_ROOT_CLASS = YES_ERROR;
				CLANG_WARN_UNREACHABLE_CODE = YES;
				CLANG_WARN__DUPLICATE_METHOD_MATCH = YES;
				"CODE_SIGN_IDENTITY[sdk=iphoneos*]" = "iPhone Developer";
				COPY_PHASE_STRIP = NO;
				ENABLE_STRICT_OBJC_MSGSEND = YES;
				GCC_C_LANGUAGE_STANDARD = gnu99;
				GCC_DYNAMIC_NO_PIC = NO;
				GCC_OPTIMIZATION_LEVEL = 0;
				GCC_PREPROCESSOR_DEFINITIONS = (
					"DEBUG=1",
					"$(inherited)",
				);
				GCC_SYMBOLS_PRIVATE_EXTERN = NO;
				GCC_WARN_64_TO_32_BIT_CONVERSION = YES;
				GCC_WARN_ABOUT_RETURN_TYPE = YES_ERROR;
				GCC_WARN_UNDECLARED_SELECTOR = YES;
				GCC_WARN_UNINITIALIZED_AUTOS = YES_AGGRESSIVE;
				GCC_WARN_UNUSED_FUNCTION = YES;
				GCC_WARN_UNUSED_VARIABLE = YES;
				IPHONEOS_DEPLOYMENT_TARGET = 8.0;
				MTL_ENABLE_DEBUG_INFO = YES;
				ONLY_ACTIVE_ARCH = YES;
				SDKROOT = iphoneos;
			};
			name = Debug;
		};
		188E87651C22BDD100125CB0 /* Release */ = {
			isa = XCBuildConfiguration;
			buildSettings = {
				ALWAYS_SEARCH_USER_PATHS = NO;
				CLANG_CXX_LANGUAGE_STANDARD = "gnu++0x";
				CLANG_CXX_LIBRARY = "libc++";
				CLANG_ENABLE_MODULES = YES;
				CLANG_ENABLE_OBJC_ARC = YES;
				CLANG_WARN_BOOL_CONVERSION = YES;
				CLANG_WARN_CONSTANT_CONVERSION = YES;
				CLANG_WARN_DIRECT_OBJC_ISA_USAGE = YES_ERROR;
				CLANG_WARN_EMPTY_BODY = YES;
				CLANG_WARN_ENUM_CONVERSION = YES;
				CLANG_WARN_INT_CONVERSION = YES;
				CLANG_WARN_OBJC_ROOT_CLASS = YES_ERROR;
				CLANG_WARN_UNREACHABLE_CODE = YES;
				CLANG_WARN__DUPLICATE_METHOD_MATCH = YES;
				"CODE_SIGN_IDENTITY[sdk=iphoneos*]" = "iPhone Developer";
				COPY_PHASE_STRIP = YES;
				ENABLE_NS_ASSERTIONS = NO;
				ENABLE_STRICT_OBJC_MSGSEND = YES;
				GCC_C_LANGUAGE_STANDARD = gnu99;
				GCC_WARN_64_TO_32_BIT_CONVERSION = YES;
				GCC_WARN_ABOUT_RETURN_TYPE = YES_ERROR;
				GCC_WARN_UNDECLARED_SELECTOR = YES;
				GCC_WARN_UNINITIALIZED_AUTOS = YES_AGGRESSIVE;
				GCC_WARN_UNUSED_FUNCTION = YES;
				GCC_WARN_UNUSED_VARIABLE = YES;
				IPHONEOS_DEPLOYMENT_TARGET = 8.0;
				MTL_ENABLE_DEBUG_INFO = NO;
				SDKROOT = iphoneos;
				VALIDATE_PRODUCT = YES;
			};
			name = Release;
		};
		188E87671C22BDD100125CB0 /* Debug */ = {
			isa = XCBuildConfiguration;
			buildSettings = {
				ASSETCATALOG_COMPILER_APPICON_NAME = AppIcon;
				INFOPLIST_FILE = DownloadingURLdata/Info.plist;
				LD_RUNPATH_SEARCH_PATHS = "$(inherited) @executable_path/Frameworks";
				PRODUCT_NAME = "$(TARGET_NAME)";
			};
			name = Debug;
		};
		188E87681C22BDD100125CB0 /* Release */ = {
			isa = XCBuildConfiguration;
			buildSettings = {
				ASSETCATALOG_COMPILER_APPICON_NAME = AppIcon;
				INFOPLIST_FILE = DownloadingURLdata/Info.plist;
				LD_RUNPATH_SEARCH_PATHS = "$(inherited) @executable_path/Frameworks";
				PRODUCT_NAME = "$(TARGET_NAME)";
			};
			name = Release;
		};
		188E876A1C22BDD100125CB0 /* Debug */ = {
			isa = XCBuildConfiguration;
			buildSettings = {
				BUNDLE_LOADER = "$(TEST_HOST)";
				FRAMEWORK_SEARCH_PATHS = (
					"$(SDKROOT)/Developer/Library/Frameworks",
					"$(inherited)",
				);
				GCC_PREPROCESSOR_DEFINITIONS = (
					"DEBUG=1",
					"$(inherited)",
				);
				INFOPLIST_FILE = DownloadingURLdataTests/Info.plist;
				LD_RUNPATH_SEARCH_PATHS = "$(inherited) @executable_path/Frameworks @loader_path/Frameworks";
				PRODUCT_NAME = "$(TARGET_NAME)";
				TEST_HOST = "$(BUILT_PRODUCTS_DIR)/DownloadingURLdata.app/DownloadingURLdata";
			};
			name = Debug;
		};
		188E876B1C22BDD100125CB0 /* Release */ = {
			isa = XCBuildConfiguration;
			buildSettings = {
				BUNDLE_LOADER = "$(TEST_HOST)";
				FRAMEWORK_SEARCH_PATHS = (
					"$(SDKROOT)/Developer/Library/Frameworks",
					"$(inherited)",
				);
				INFOPLIST_FILE = DownloadingURLdataTests/Info.plist;
				LD_RUNPATH_SEARCH_PATHS = "$(inherited) @executable_path/Frameworks @loader_path/Frameworks";
				PRODUCT_NAME = "$(TARGET_NAME)";
				TEST_HOST = "$(BUILT_PRODUCTS_DIR)/DownloadingURLdata.app/DownloadingURLdata";
			};
			name = Release;
		};
/* End XCBuildConfiguration section */

/* Begin XCConfigurationList section */
		188E873E1C22BDD100125CB0 /* Build configuration list for PBXProject "DownloadingURLdata" */ = {
			isa = XCConfigurationList;
			buildConfigurations = (
				188E87641C22BDD100125CB0 /* Debug */,
				188E87651C22BDD100125CB0 /* Release */,
			);
			defaultConfigurationIsVisible = 0;
			defaultConfigurationName = Release;
		};
		188E87661C22BDD100125CB0 /* Build configuration list for PBXNativeTarget "DownloadingURLdata" */ = {
			isa = XCConfigurationList;
			buildConfigurations = (
				188E87671C22BDD100125CB0 /* Debug */,
				188E87681C22BDD100125CB0 /* Release */,
			);
			defaultConfigurationIsVisible = 0;
		};
		188E87691C22BDD100125CB0 /* Build configuration list for PBXNativeTarget "DownloadingURLdataTests" */ = {
			isa = XCConfigurationList;
			buildConfigurations = (
				188E876A1C22BDD100125CB0 /* Debug */,
				188E876B1C22BDD100125CB0 /* Release */,
			);
			defaultConfigurationIsVisible = 0;
		};
/* End XCConfigurationList section */
	};
	rootObject = 188E873B1C22BDD100125CB0 /* Project object */;
}
